
Microsoft Visual Studio Solution File, Format Version 12.00
# Visual Studio Version 17
VisualStudioVersion = 17.1.32328.378
MinimumVisualStudioVersion = 10.0.40219.1
Project("{2150E333-8FDC-42A3-9474-1A3956D46DE8}") = "src", "src", "{37ED33BD-53D2-43F9-8D51-CE3C2984CCD2}"
EndProject
Project("{2150E333-8FDC-42A3-9474-1A3956D46DE8}") = "Servicos", "Servicos", "{8750F9BE-7F4F-4F94-9095-F879999FF467}"
EndProject
Project("{2150E333-8FDC-42A3-9474-1A3956D46DE8}") = "Gooapp.Autenticacao", "Gooapp.Autenticacao", "{819E9D30-1C56-4157-B1DB-FD4461CC93E7}"
EndProject
Project("{9A19103F-16F7-4668-BE54-9A1E7A4F7556}") = "Gooapp.Autenticacao", "Gooapp.Autenticacao\Gooapp.Autenticacao.csproj", "{BC5621DB-F390-4FF9-9A7A-3D28C719F568}"
EndProject
Project("{2150E333-8FDC-42A3-9474-1A3956D46DE8}") = "tests", "tests", "{4F06451B-C059-4325-BE2D-551F374F0A45}"
EndProject
Project("{2150E333-8FDC-42A3-9474-1A3956D46DE8}") = "Servicos", "Servicos", "{9747D91A-0207-4A21-A6D2-32AAB9A7B968}"
EndProject
Project("{2150E333-8FDC-42A3-9474-1A3956D46DE8}") = "Gooapp.Vendas.Teste", "Gooapp.Vendas.Teste", "{E7F16A67-6DA9-486E-BAA0-EB5EF0D6723C}"
EndProject
Project("{FAE04EC0-301F-11D3-BF4B-00C04F79EFBC}") = "Goooapp.Vendas.Teste.API", "Goooapp.Vendas.Teste.API\Goooapp.Vendas.Teste.API.csproj", "{69CACAB3-DB5D-49F0-B191-BDC463007780}"
EndProject
Global
	GlobalSection(SolutionConfigurationPlatforms) = preSolution
		Debug|Any CPU = Debug|Any CPU
		Release|Any CPU = Release|Any CPU
	EndGlobalSection
	GlobalSection(ProjectConfigurationPlatforms) = postSolution
		{BC5621DB-F390-4FF9-9A7A-3D28C719F568}.Debug|Any CPU.ActiveCfg = Debug|Any CPU
		{BC5621DB-F390-4FF9-9A7A-3D28C719F568}.Debug|Any CPU.Build.0 = Debug|Any CPU
		{BC5621DB-F390-4FF9-9A7A-3D28C719F568}.Release|Any CPU.ActiveCfg = Release|Any CPU
		{BC5621DB-F390-4FF9-9A7A-3D28C719F568}.Release|Any CPU.Build.0 = Release|Any CPU
		{69CACAB3-DB5D-49F0-B191-BDC463007780}.Debug|Any CPU.ActiveCfg = Debug|Any CPU
		{69CACAB3-DB5D-49F0-B191-BDC463007780}.Debug|Any CPU.Build.0 = Debug|Any CPU
		{69CACAB3-DB5D-49F0-B191-BDC463007780}.Release|Any CPU.ActiveCfg = Release|Any CPU
		{69CACAB3-DB5D-49F0-B191-BDC463007780}.Release|Any CPU.Build.0 = Release|Any CPU
	EndGlobalSection
	GlobalSection(SolutionProperties) = preSolution
		HideSolutionNode = FALSE
	EndGlobalSection
	GlobalSection(NestedProjects) = preSolution
		{8750F9BE-7F4F-4F94-9095-F879999FF467} = {37ED33BD-53D2-43F9-8D51-CE3C2984CCD2}
		{819E9D30-1C56-4157-B1DB-FD4461CC93E7} = {8750F9BE-7F4F-4F94-9095-F879999FF467}
		{BC5621DB-F390-4FF9-9A7A-3D28C719F568} = {819E9D30-1C56-4157-B1DB-FD4461CC93E7}
		{9747D91A-0207-4A21-A6D2-32AAB9A7B968} = {4F06451B-C059-4325-BE2D-551F374F0A45}
		{E7F16A67-6DA9-486E-BAA0-EB5EF0D6723C} = {9747D91A-0207-4A21-A6D2-32AAB9A7B968}
		{69CACAB3-DB5D-49F0-B191-BDC463007780} = {E7F16A67-6DA9-486E-BAA0-EB5EF0D6723C}
	EndGlobalSection
	GlobalSection(ExtensibilityGlobals) = postSolution
		SolutionGuid = {96ECA87A-D7FA-4D0A-B377-716ED82B5EC5}
	EndGlobalSection
EndGlobal
